
Microsoft Visual Studio Solution File, Format Version 12.00
# Visual Studio Version 18
VisualStudioVersion = 18.6.11822.322
MinimumVisualStudioVersion = 10.0.40219.1
Project("{FAE04EC0-301F-11D3-BF4B-00C04F79EFBC}") = "TrazabilidadPedidos.Shared", "TrazabilidadPedidos.Shared\TrazabilidadPedidos.Shared.csproj", "{B2D91727-D56D-46B6-967D-B1840572581B}"
EndProject
Project("{FAE04EC0-301F-11D3-BF4B-00C04F79EFBC}") = "TrazabilidadPedidos.Server", "TrazabilidadPedidos.Server\TrazabilidadPedidos.Server.csproj", "{074E8992-088A-4477-83DE-942158394CD4}"
EndProject
Project("{FAE04EC0-301F-11D3-BF4B-00C04F79EFBC}") = "TrazabilidadPedidos.Client", "TrazabilidadPedidos.Client\TrazabilidadPedidos.Client.csproj", "{A9E5A28D-CA40-40A0-842F-3DEFBF14D8EB}"
EndProject
Global
	GlobalSection(SolutionConfigurationPlatforms) = preSolution
		Debug|Any CPU = Debug|Any CPU
		Debug|x64 = Debug|x64
		Debug|x86 = Debug|x86
		Release|Any CPU = Release|Any CPU
		Release|x64 = Release|x64
		Release|x86 = Release|x86
	EndGlobalSection
	GlobalSection(ProjectConfigurationPlatforms) = postSolution
		{B2D91727-D56D-46B6-967D-B1840572581B}.Debug|Any CPU.ActiveCfg = Debug|Any CPU
		{B2D91727-D56D-46B6-967D-B1840572581B}.Debug|Any CPU.Build.0 = Debug|Any CPU
		{B2D91727-D56D-46B6-967D-B1840572581B}.Debug|x64.ActiveCfg = Debug|Any CPU
		{B2D91727-D56D-46B6-967D-B1840572581B}.Debug|x64.Build.0 = Debug|Any CPU
		{B2D91727-D56D-46B6-967D-B1840572581B}.Debug|x86.ActiveCfg = Debug|Any CPU
		{B2D91727-D56D-46B6-967D-B1840572581B}.Debug|x86.Build.0 = Debug|Any CPU
		{B2D91727-D56D-46B6-967D-B1840572581B}.Release|Any CPU.ActiveCfg = Release|Any CPU
		{B2D91727-D56D-46B6-967D-B1840572581B}.Release|Any CPU.Build.0 = Release|Any CPU
		{B2D91727-D56D-46B6-967D-B1840572581B}.Release|x64.ActiveCfg = Release|Any CPU
		{B2D91727-D56D-46B6-967D-B1840572581B}.Release|x64.Build.0 = Release|Any CPU
		{B2D91727-D56D-46B6-967D-B1840572581B}.Release|x86.ActiveCfg = Release|Any CPU
		{B2D91727-D56D-46B6-967D-B1840572581B}.Release|x86.Build.0 = Release|Any CPU
		{074E8992-088A-4477-83DE-942158394CD4}.Debug|Any CPU.ActiveCfg = Debug|Any CPU
		{074E8992-088A-4477-83DE-942158394CD4}.Debug|Any CPU.Build.0 = Debug|Any CPU
		{074E8992-088A-4477-83DE-942158394CD4}.Debug|x64.ActiveCfg = Debug|Any CPU
		{074E8992-088A-4477-83DE-942158394CD4}.Debug|x64.Build.0 = Debug|Any CPU
		{074E8992-088A-4477-83DE-942158394CD4}.Debug|x86.ActiveCfg = Debug|Any CPU
		{074E8992-088A-4477-83DE-942158394CD4}.Debug|x86.Build.0 = Debug|Any CPU
		{074E8992-088A-4477-83DE-942158394CD4}.Release|Any CPU.ActiveCfg = Release|Any CPU
		{074E8992-088A-4477-83DE-942158394CD4}.Release|Any CPU.Build.0 = Release|Any CPU
		{074E8992-088A-4477-83DE-942158394CD4}.Release|x64.ActiveCfg = Release|Any CPU
		{074E8992-088A-4477-83DE-942158394CD4}.Release|x64.Build.0 = Release|Any CPU
		{074E8992-088A-4477-83DE-942158394CD4}.Release|x86.ActiveCfg = Release|Any CPU
		{074E8992-088A-4477-83DE-942158394CD4}.Release|x86.Build.0 = Release|Any CPU
		{A9E5A28D-CA40-40A0-842F-3DEFBF14D8EB}.Debug|Any CPU.ActiveCfg = Debug|Any CPU
		{A9E5A28D-CA40-40A0-842F-3DEFBF14D8EB}.Debug|Any CPU.Build.0 = Debug|Any CPU
		{A9E5A28D-CA40-40A0-842F-3DEFBF14D8EB}.Debug|x64.ActiveCfg = Debug|Any CPU
		{A9E5A28D-CA40-40A0-842F-3DEFBF14D8EB}.Debug|x64.Build.0 = Debug|Any CPU
		{A9E5A28D-CA40-40A0-842F-3DEFBF14D8EB}.Debug|x86.ActiveCfg = Debug|Any CPU
		{A9E5A28D-CA40-40A0-842F-3DEFBF14D8EB}.Debug|x86.Build.0 = Debug|Any CPU
		{A9E5A28D-CA40-40A0-842F-3DEFBF14D8EB}.Release|Any CPU.ActiveCfg = Release|Any CPU
		{A9E5A28D-CA40-40A0-842F-3DEFBF14D8EB}.Release|Any CPU.Build.0 = Release|Any CPU
		{A9E5A28D-CA40-40A0-842F-3DEFBF14D8EB}.Release|x64.ActiveCfg = Release|Any CPU
		{A9E5A28D-CA40-40A0-842F-3DEFBF14D8EB}.Release|x64.Build.0 = Release|Any CPU
		{A9E5A28D-CA40-40A0-842F-3DEFBF14D8EB}.Release|x86.ActiveCfg = Release|Any CPU
		{A9E5A28D-CA40-40A0-842F-3DEFBF14D8EB}.Release|x86.Build.0 = Release|Any CPU
	EndGlobalSection
	GlobalSection(SolutionProperties) = preSolution
		HideSolutionNode = FALSE
	EndGlobalSection
	GlobalSection(ExtensibilityGlobals) = postSolution
		SolutionGuid = {AF294164-F61D-408A-91A8-81ED1B640FB9}
	EndGlobalSection
EndGlobal
